
Microsoft Visual Studio Solution File, Format Version 12.00
# Visual Studio Version 16
VisualStudioVersion = 16.0.29306.81
MinimumVisualStudioVersion = 10.0.40219.1
Project("{FAE04EC0-301F-11D3-BF4B-00C04F79EFBC}") = "UnitTestingMVC.Web", "UnitTestingMVC\UnitTestingMVC.Web.csproj", "{BE36BA6F-4FB7-4C13-BFEF-DD1DBEA700A4}"
EndProject
Project("{FAE04EC0-301F-11D3-BF4B-00C04F79EFBC}") = "TestProj", "TestProj\TestProj.csproj", "{64D949DA-44D0-46EE-A969-645946765B70}"
EndProject
Global
	GlobalSection(SolutionConfigurationPlatforms) = preSolution
		Debug|Any CPU = Debug|Any CPU
		Release|Any CPU = Release|Any CPU
	EndGlobalSection
	GlobalSection(ProjectConfigurationPlatforms) = postSolution
		{BE36BA6F-4FB7-4C13-BFEF-DD1DBEA700A4}.Debug|Any CPU.ActiveCfg = Debug|Any CPU
		{BE36BA6F-4FB7-4C13-BFEF-DD1DBEA700A4}.Debug|Any CPU.Build.0 = Debug|Any CPU
		{BE36BA6F-4FB7-4C13-BFEF-DD1DBEA700A4}.Release|Any CPU.ActiveCfg = Release|Any CPU
		{BE36BA6F-4FB7-4C13-BFEF-DD1DBEA700A4}.Release|Any CPU.Build.0 = Release|Any CPU
		{64D949DA-44D0-46EE-A969-645946765B70}.Debug|Any CPU.ActiveCfg = Debug|Any CPU
		{64D949DA-44D0-46EE-A969-645946765B70}.Debug|Any CPU.Build.0 = Debug|Any CPU
		{64D949DA-44D0-46EE-A969-645946765B70}.Release|Any CPU.ActiveCfg = Release|Any CPU
		{64D949DA-44D0-46EE-A969-645946765B70}.Release|Any CPU.Build.0 = Release|Any CPU
	EndGlobalSection
	GlobalSection(SolutionProperties) = preSolution
		HideSolutionNode = FALSE
	EndGlobalSection
	GlobalSection(ExtensibilityGlobals) = postSolution
		SolutionGuid = {E92E3C42-BFE6-4597-BFC3-99650C31EB4A}
	EndGlobalSection
EndGlobal
